// !$*UTF8*$!
{
	archiveVersion = 1;
	classes = {
	};
	objectVersion = 50;
	objects = {

/* Begin PBXBuildFile section */
		8476A18726244E8200F24DD3 /* NutritionCollectionViewCell.swift in Sources */ = {isa = PBXBuildFile; fileRef = 8476A18526244E8200F24DD3 /* NutritionCollectionViewCell.swift */; };
		8476A18826244E8200F24DD3 /* NutritionCollectionViewCell.xib in Resources */ = {isa = PBXBuildFile; fileRef = 8476A18626244E8200F24DD3 /* NutritionCollectionViewCell.xib */; };
		8482666C2623E89B003BEB8C /* AppDelegate.swift in Sources */ = {isa = PBXBuildFile; fileRef = 8482666B2623E89B003BEB8C /* AppDelegate.swift */; };
		8482666E2623E89B003BEB8C /* SceneDelegate.swift in Sources */ = {isa = PBXBuildFile; fileRef = 8482666D2623E89B003BEB8C /* SceneDelegate.swift */; };
		848266752623E89E003BEB8C /* Assets.xcassets in Resources */ = {isa = PBXBuildFile; fileRef = 848266742623E89E003BEB8C /* Assets.xcassets */; };
		848266782623E89E003BEB8C /* LaunchScreen.storyboard in Resources */ = {isa = PBXBuildFile; fileRef = 848266762623E89E003BEB8C /* LaunchScreen.storyboard */; };
		8482668E2623EC02003BEB8C /* HomeViewController.swift in Sources */ = {isa = PBXBuildFile; fileRef = 8482668C2623EC02003BEB8C /* HomeViewController.swift */; };
		8482668F2623EC02003BEB8C /* HomeViewController.xib in Resources */ = {isa = PBXBuildFile; fileRef = 8482668D2623EC02003BEB8C /* HomeViewController.xib */; };
		848266952623ED95003BEB8C /* UIViewController+LoadFromNibName.swift in Sources */ = {isa = PBXBuildFile; fileRef = 848266942623ED95003BEB8C /* UIViewController+LoadFromNibName.swift */; };
		8482669C2623F30C003BEB8C /* DetailsViewController.swift in Sources */ = {isa = PBXBuildFile; fileRef = 8482669A2623F30C003BEB8C /* DetailsViewController.swift */; };
		8482669D2623F30C003BEB8C /* DetailsViewController.xib in Resources */ = {isa = PBXBuildFile; fileRef = 8482669B2623F30C003BEB8C /* DetailsViewController.xib */; };
		848266A42623FAF3003BEB8C /* ItemCollectionViewCell.swift in Sources */ = {isa = PBXBuildFile; fileRef = 848266A22623FAF3003BEB8C /* ItemCollectionViewCell.swift */; };
		848266A52623FAF3003BEB8C /* ItemCollectionViewCell.xib in Resources */ = {isa = PBXBuildFile; fileRef = 848266A32623FAF3003BEB8C /* ItemCollectionViewCell.xib */; };
		848266A82623FB98003BEB8C /* Item.swift in Sources */ = {isa = PBXBuildFile; fileRef = 848266A72623FB98003BEB8C /* Item.swift */; };
		848266AC26240C46003BEB8C /* CustomCollectionViewFlowLayout.swift in Sources */ = {isa = PBXBuildFile; fileRef = 848266AB26240C46003BEB8C /* CustomCollectionViewFlowLayout.swift */; };
		84CD8C52262D717400BB277D /* HomeViewModel.swift in Sources */ = {isa = PBXBuildFile; fileRef = 84CD8C51262D717400BB277D /* HomeViewModel.swift */; };
		84CD8C55262D86DE00BB277D /* DetailsViewModel.swift in Sources */ = {isa = PBXBuildFile; fileRef = 84CD8C54262D86DE00BB277D /* DetailsViewModel.swift */; };
/* End PBXBuildFile section */

/* Begin PBXFileReference section */
		8476A18526244E8200F24DD3 /* NutritionCollectionViewCell.swift */ = {isa = PBXFileReference; lastKnownFileType = sourcecode.swift; path = NutritionCollectionViewCell.swift; sourceTree = "<group>"; };
		8476A18626244E8200F24DD3 /* NutritionCollectionViewCell.xib */ = {isa = PBXFileReference; lastKnownFileType = file.xib; path = NutritionCollectionViewCell.xib; sourceTree = "<group>"; };
		848266682623E89B003BEB8C /* W5-Project1-Gumi.app */ = {isa = PBXFileReference; explicitFileType = wrapper.application; includeInIndex = 0; path = "W5-Project1-Gumi.app"; sourceTree = BUILT_PRODUCTS_DIR; };
		8482666B2623E89B003BEB8C /* AppDelegate.swift */ = {isa = PBXFileReference; lastKnownFileType = sourcecode.swift; path = AppDelegate.swift; sourceTree = "<group>"; };
		8482666D2623E89B003BEB8C /* SceneDelegate.swift */ = {isa = PBXFileReference; lastKnownFileType = sourcecode.swift; path = SceneDelegate.swift; sourceTree = "<group>"; };
		848266742623E89E003BEB8C /* Assets.xcassets */ = {isa = PBXFileReference; lastKnownFileType = folder.assetcatalog; path = Assets.xcassets; sourceTree = "<group>"; };
		848266772623E89E003BEB8C /* Base */ = {isa = PBXFileReference; lastKnownFileType = file.storyboard; name = Base; path = Base.lproj/LaunchScreen.storyboard; sourceTree = "<group>"; };
		848266792623E89E003BEB8C /* Info.plist */ = {isa = PBXFileReference; lastKnownFileType = text.plist.xml; path = Info.plist; sourceTree = "<group>"; };
		8482668C2623EC02003BEB8C /* HomeViewController.swift */ = {isa = PBXFileReference; lastKnownFileType = sourcecode.swift; path = HomeViewController.swift; sourceTree = "<group>"; };
		8482668D2623EC02003BEB8C /* HomeViewController.xib */ = {isa = PBXFileReference; lastKnownFileType = file.xib; path = HomeViewController.xib; sourceTree = "<group>"; };
		848266942623ED95003BEB8C /* UIViewController+LoadFromNibName.swift */ = {isa = PBXFileReference; lastKnownFileType = sourcecode.swift; path = "UIViewController+LoadFromNibName.swift"; sourceTree = "<group>"; };
		8482669A2623F30C003BEB8C /* DetailsViewController.swift */ = {isa = PBXFileReference; lastKnownFileType = sourcecode.swift; path = DetailsViewController.swift; sourceTree = "<group>"; };
		8482669B2623F30C003BEB8C /* DetailsViewController.xib */ = {isa = PBXFileReference; lastKnownFileType = file.xib; path = DetailsViewController.xib; sourceTree = "<group>"; };
		848266A22623FAF3003BEB8C /* ItemCollectionViewCell.swift */ = {isa = PBXFileReference; lastKnownFileType = sourcecode.swift; path = ItemCollectionViewCell.swift; sourceTree = "<group>"; };
		848266A32623FAF3003BEB8C /* ItemCollectionViewCell.xib */ = {isa = PBXFileReference; lastKnownFileType = file.xib; path = ItemCollectionViewCell.xib; sourceTree = "<group>"; };
		848266A72623FB98003BEB8C /* Item.swift */ = {isa = PBXFileReference; lastKnownFileType = sourcecode.swift; path = Item.swift; sourceTree = "<group>"; };
		848266AB26240C46003BEB8C /* CustomCollectionViewFlowLayout.swift */ = {isa = PBXFileReference; lastKnownFileType = sourcecode.swift; path = CustomCollectionViewFlowLayout.swift; sourceTree = "<group>"; };
		84CD8C51262D717400BB277D /* HomeViewModel.swift */ = {isa = PBXFileReference; lastKnownFileType = sourcecode.swift; path = HomeViewModel.swift; sourceTree = "<group>"; };
		84CD8C54262D86DE00BB277D /* DetailsViewModel.swift */ = {isa = PBXFileReference; lastKnownFileType = sourcecode.swift; path = DetailsViewModel.swift; sourceTree = "<group>"; };
/* End PBXFileReference section */

/* Begin PBXFrameworksBuildPhase section */
		848266652623E89B003BEB8C /* Frameworks */ = {
			isa = PBXFrameworksBuildPhase;
			buildActionMask = 2147483647;
			files = (
			);
			runOnlyForDeploymentPostprocessing = 0;
		};
/* End PBXFrameworksBuildPhase section */

/* Begin PBXGroup section */
		8476A18426244E5B00F24DD3 /* NutritionCollectionViewCell */ = {
			isa = PBXGroup;
			children = (
				8476A18526244E8200F24DD3 /* NutritionCollectionViewCell.swift */,
				8476A18626244E8200F24DD3 /* NutritionCollectionViewCell.xib */,
			);
			path = NutritionCollectionViewCell;
			sourceTree = "<group>";
		};
		8482665F2623E89B003BEB8C = {
			isa = PBXGroup;
			children = (
				8482666A2623E89B003BEB8C /* W5-Project1-Gumi */,
				848266692623E89B003BEB8C /* Products */,
			);
			sourceTree = "<group>";
		};
		848266692623E89B003BEB8C /* Products */ = {
			isa = PBXGroup;
			children = (
				848266682623E89B003BEB8C /* W5-Project1-Gumi.app */,
			);
			name = Products;
			sourceTree = "<group>";
		};
		8482666A2623E89B003BEB8C /* W5-Project1-Gumi */ = {
			isa = PBXGroup;
			children = (
				848266932623ED49003BEB8C /* Extension */,
				848266922623ED45003BEB8C /* Data */,
				848266822623E8FC003BEB8C /* UI */,
				8482666B2623E89B003BEB8C /* AppDelegate.swift */,
				8482666D2623E89B003BEB8C /* SceneDelegate.swift */,
				848266742623E89E003BEB8C /* Assets.xcassets */,
				848266762623E89E003BEB8C /* LaunchScreen.storyboard */,
				848266792623E89E003BEB8C /* Info.plist */,
			);
			path = "W5-Project1-Gumi";
			sourceTree = "<group>";
		};
		848266822623E8FC003BEB8C /* UI */ = {
			isa = PBXGroup;
			children = (
				848266982623F2EE003BEB8C /* DetailsView */,
				848266832623E902003BEB8C /* HomeView */,
			);
			path = UI;
			sourceTree = "<group>";
		};
		848266832623E902003BEB8C /* HomeView */ = {
			isa = PBXGroup;
			children = (
				84D2D647262D32BD006AB37F /* Parts */,
				8482668D2623EC02003BEB8C /* HomeViewController.xib */,
				8482668C2623EC02003BEB8C /* HomeViewController.swift */,
				84CD8C51262D717400BB277D /* HomeViewModel.swift */,
			);
			path = HomeView;
			sourceTree = "<group>";
		};
		848266922623ED45003BEB8C /* Data */ = {
			isa = PBXGroup;
			children = (
				848266A72623FB98003BEB8C /* Item.swift */,
			);
			path = Data;
			sourceTree = "<group>";
		};
		848266932623ED49003BEB8C /* Extension */ = {
			isa = PBXGroup;
			children = (
				848266942623ED95003BEB8C /* UIViewController+LoadFromNibName.swift */,
			);
			path = Extension;
			sourceTree = "<group>";
		};
		848266982623F2EE003BEB8C /* DetailsView */ = {
			isa = PBXGroup;
			children = (
				84D2D646262D32B4006AB37F /* Parts */,
				8482669B2623F30C003BEB8C /* DetailsViewController.xib */,
				8482669A2623F30C003BEB8C /* DetailsViewController.swift */,
				84CD8C54262D86DE00BB277D /* DetailsViewModel.swift */,
			);
			path = DetailsView;
			sourceTree = "<group>";
		};
		848266A12623FACF003BEB8C /* ItemCollectionViewCell */ = {
			isa = PBXGroup;
			children = (
				848266A22623FAF3003BEB8C /* ItemCollectionViewCell.swift */,
				848266A32623FAF3003BEB8C /* ItemCollectionViewCell.xib */,
			);
			path = ItemCollectionViewCell;
			sourceTree = "<group>";
		};
		848266AA26240C2C003BEB8C /* CustomCollectionViewFlowLayout */ = {
			isa = PBXGroup;
			children = (
				848266AB26240C46003BEB8C /* CustomCollectionViewFlowLayout.swift */,
			);
			path = CustomCollectionViewFlowLayout;
			sourceTree = "<group>";
		};
		84D2D646262D32B4006AB37F /* Parts */ = {
			isa = PBXGroup;
			children = (
				8476A18426244E5B00F24DD3 /* NutritionCollectionViewCell */,
			);
			path = Parts;
			sourceTree = "<group>";
		};
		84D2D647262D32BD006AB37F /* Parts */ = {
			isa = PBXGroup;
			children = (
				848266AA26240C2C003BEB8C /* CustomCollectionViewFlowLayout */,
				848266A12623FACF003BEB8C /* ItemCollectionViewCell */,
			);
			path = Parts;
			sourceTree = "<group>";
		};
/* End PBXGroup section */

/* Begin PBXNativeTarget section */
		848266672623E89B003BEB8C /* W5-Project1-Gumi */ = {
			isa = PBXNativeTarget;
			buildConfigurationList = 8482667C2623E89E003BEB8C /* Build configuration list for PBXNativeTarget "W5-Project1-Gumi" */;
			buildPhases = (
				848266642623E89B003BEB8C /* Sources */,
				848266652623E89B003BEB8C /* Frameworks */,
				848266662623E89B003BEB8C /* Resources */,
			);
			buildRules = (
			);
			dependencies = (
			);
			name = "W5-Project1-Gumi";
			productName = "W5-Project1-Gumi";
			productReference = 848266682623E89B003BEB8C /* W5-Project1-Gumi.app */;
			productType = "com.apple.product-type.application";
		};
/* End PBXNativeTarget section */

/* Begin PBXProject section */
		848266602623E89B003BEB8C /* Project object */ = {
			isa = PBXProject;
			attributes = {
				LastSwiftUpdateCheck = 1240;
				LastUpgradeCheck = 1240;
				TargetAttributes = {
					848266672623E89B003BEB8C = {
						CreatedOnToolsVersion = 12.4;
					};
				};
			};
			buildConfigurationList = 848266632623E89B003BEB8C /* Build configuration list for PBXProject "W5-Project1-Gumi" */;
			compatibilityVersion = "Xcode 9.3";
			developmentRegion = en;
			hasScannedForEncodings = 0;
			knownRegions = (
				en,
				Base,
			);
			mainGroup = 8482665F2623E89B003BEB8C;
			productRefGroup = 848266692623E89B003BEB8C /* Products */;
			projectDirPath = "";
			projectRoot = "";
			targets = (
				848266672623E89B003BEB8C /* W5-Project1-Gumi */,
			);
		};
/* End PBXProject section */

/* Begin PBXResourcesBuildPhase section */
		848266662623E89B003BEB8C /* Resources */ = {
			isa = PBXResourcesBuildPhase;
			buildActionMask = 2147483647;
			files = (
				848266782623E89E003BEB8C /* LaunchScreen.storyboard in Resources */,
				8476A18826244E8200F24DD3 /* NutritionCollectionViewCell.xib in Resources */,
				848266752623E89E003BEB8C /* Assets.xcassets in Resources */,
				848266A52623FAF3003BEB8C /* ItemCollectionViewCell.xib in Resources */,
				8482668F2623EC02003BEB8C /* HomeViewController.xib in Resources */,
				8482669D2623F30C003BEB8C /* DetailsViewController.xib in Resources */,
			);
			runOnlyForDeploymentPostprocessing = 0;
		};
/* End PBXResourcesBuildPhase section */

/* Begin PBXSourcesBuildPhase section */
		848266642623E89B003BEB8C /* Sources */ = {
			isa = PBXSourcesBuildPhase;
			buildActionMask = 2147483647;
			files = (
				8476A18726244E8200F24DD3 /* NutritionCollectionViewCell.swift in Sources */,
				848266A82623FB98003BEB8C /* Item.swift in Sources */,
				848266952623ED95003BEB8C /* UIViewController+LoadFromNibName.swift in Sources */,
				84CD8C52262D717400BB277D /* HomeViewModel.swift in Sources */,
				8482666C2623E89B003BEB8C /* AppDelegate.swift in Sources */,
				8482666E2623E89B003BEB8C /* SceneDelegate.swift in Sources */,
				848266A42623FAF3003BEB8C /* ItemCollectionViewCell.swift in Sources */,
				84CD8C55262D86DE00BB277D /* DetailsViewModel.swift in Sources */,
				8482668E2623EC02003BEB8C /* HomeViewController.swift in Sources */,
				8482669C2623F30C003BEB8C /* DetailsViewController.swift in Sources */,
				848266AC26240C46003BEB8C /* CustomCollectionViewFlowLayout.swift in Sources */,
			);
			runOnlyForDeploymentPostprocessing = 0;
		};
/* End PBXSourcesBuildPhase section */

/* Begin PBXVariantGroup section */
		848266762623E89E003BEB8C /* LaunchScreen.storyboard */ = {
			isa = PBXVariantGroup;
			children = (
				848266772623E89E003BEB8C /* Base */,
			);
			name = LaunchScreen.storyboard;
			sourceTree = "<group>";
		};
/* End PBXVariantGroup section */

/* Begin XCBuildConfiguration section */
		8482667A2623E89E003BEB8C /* Debug */ = {
			isa = XCBuildConfiguration;
			buildSettings = {
				ALWAYS_SEARCH_USER_PATHS = NO;
				CLANG_ANALYZER_NONNULL = YES;
				CLANG_ANALYZER_NUMBER_OBJECT_CONVERSION = YES_AGGRESSIVE;
				CLANG_CXX_LANGUAGE_STANDARD = "gnu++14";
				CLANG_CXX_LIBRARY = "libc++";
				CLANG_ENABLE_MODULES = YES;
				CLANG_ENABLE_OBJC_ARC = YES;
				CLANG_ENABLE_OBJC_WEAK = YES;
				CLANG_WARN_BLOCK_CAPTURE_AUTORELEASING = YES;
				CLANG_WARN_BOOL_CONVERSION = YES;
				CLANG_WARN_COMMA = YES;
				CLANG_WARN_CONSTANT_CONVERSION = YES;
				CLANG_WARN_DEPRECATED_OBJC_IMPLEMENTATIONS = YES;
				CLANG_WARN_DIRECT_OBJC_ISA_USAGE = YES_ERROR;
				CLANG_WARN_DOCUMENTATION_COMMENTS = YES;
				CLANG_WARN_EMPTY_BODY = YES;
				CLANG_WARN_ENUM_CONVERSION = YES;
				CLANG_WARN_INFINITE_RECURSION = YES;
				CLANG_WARN_INT_CONVERSION = YES;
				CLANG_WARN_NON_LITERAL_NULL_CONVERSION = YES;
				CLANG_WARN_OBJC_IMPLICIT_RETAIN_SELF = YES;
				CLANG_WARN_OBJC_LITERAL_CONVERSION = YES;
				CLANG_WARN_OBJC_ROOT_CLASS = YES_ERROR;
				CLANG_WARN_QUOTED_INCLUDE_IN_FRAMEWORK_HEADER = YES;
				CLANG_WARN_RANGE_LOOP_ANALYSIS = YES;
				CLANG_WARN_STRICT_PROTOTYPES = YES;
				CLANG_WARN_SUSPICIOUS_MOVE = YES;
				CLANG_WARN_UNGUARDED_AVAILABILITY = YES_AGGRESSIVE;
				CLANG_WARN_UNREACHABLE_CODE = YES;
				CLANG_WARN__DUPLICATE_METHOD_MATCH = YES;
				COPY_PHASE_STRIP = NO;
				DEBUG_INFORMATION_FORMAT = dwarf;
				ENABLE_STRICT_OBJC_MSGSEND = YES;
				ENABLE_TESTABILITY = YES;
				GCC_C_LANGUAGE_STANDARD = gnu11;
				GCC_DYNAMIC_NO_PIC = NO;
				GCC_NO_COMMON_BLOCKS = YES;
				GCC_OPTIMIZATION_LEVEL = 0;
				GCC_PREPROCESSOR_DEFINITIONS = (
					"DEBUG=1",
					"$(inherited)",
				);
				GCC_WARN_64_TO_32_BIT_CONVERSION = YES;
				GCC_WARN_ABOUT_RETURN_TYPE = YES_ERROR;
				GCC_WARN_UNDECLARED_SELECTOR = YES;
				GCC_WARN_UNINITIALIZED_AUTOS = YES_AGGRESSIVE;
				GCC_WARN_UNUSED_FUNCTION = YES;
				GCC_WARN_UNUSED_VARIABLE = YES;
				IPHONEOS_DEPLOYMENT_TARGET = 14.4;
				MTL_ENABLE_DEBUG_INFO = INCLUDE_SOURCE;
				MTL_FAST_MATH = YES;
				ONLY_ACTIVE_ARCH = YES;
				SDKROOT = iphoneos;
				SWIFT_ACTIVE_COMPILATION_CONDITIONS = DEBUG;
				SWIFT_OPTIMIZATION_LEVEL = "-Onone";
			};
			name = Debug;
		};
		8482667B2623E89E003BEB8C /* Release */ = {
			isa = XCBuildConfiguration;
			buildSettings = {
				ALWAYS_SEARCH_USER_PATHS = NO;
				CLANG_ANALYZER_NONNULL = YES;
				CLANG_ANALYZER_NUMBER_OBJECT_CONVERSION = YES_AGGRESSIVE;
				CLANG_CXX_LANGUAGE_STANDARD = "gnu++14";
				CLANG_CXX_LIBRARY = "libc++";
				CLANG_ENABLE_MODULES = YES;
				CLANG_ENABLE_OBJC_ARC = YES;
				CLANG_ENABLE_OBJC_WEAK = YES;
				CLANG_WARN_BLOCK_CAPTURE_AUTORELEASING = YES;
				CLANG_WARN_BOOL_CONVERSION = YES;
				CLANG_WARN_COMMA = YES;
				CLANG_WARN_CONSTANT_CONVERSION = YES;
				CLANG_WARN_DEPRECATED_OBJC_IMPLEMENTATIONS = YES;
				CLANG_WARN_DIRECT_OBJC_ISA_USAGE = YES_ERROR;
				CLANG_WARN_DOCUMENTATION_COMMENTS = YES;
				CLANG_WARN_EMPTY_BODY = YES;
				CLANG_WARN_ENUM_CONVERSION = YES;
				CLANG_WARN_INFINITE_RECURSION = YES;
				CLANG_WARN_INT_CONVERSION = YES;
				CLANG_WARN_NON_LITERAL_NULL_CONVERSION = YES;
				CLANG_WARN_OBJC_IMPLICIT_RETAIN_SELF = YES;
				CLANG_WARN_OBJC_LITERAL_CONVERSION = YES;
				CLANG_WARN_OBJC_ROOT_CLASS = YES_ERROR;
				CLANG_WARN_QUOTED_INCLUDE_IN_FRAMEWORK_HEADER = YES;
				CLANG_WARN_RANGE_LOOP_ANALYSIS = YES;
				CLANG_WARN_STRICT_PROTOTYPES = YES;
				CLANG_WARN_SUSPICIOUS_MOVE = YES;
				CLANG_WARN_UNGUARDED_AVAILABILITY = YES_AGGRESSIVE;
				CLANG_WARN_UNREACHABLE_CODE = YES;
				CLANG_WARN__DUPLICATE_METHOD_MATCH = YES;
				COPY_PHASE_STRIP = NO;
				DEBUG_INFORMATION_FORMAT = "dwarf-with-dsym";
				ENABLE_NS_ASSERTIONS = NO;
				ENABLE_STRICT_OBJC_MSGSEND = YES;
				GCC_C_LANGUAGE_STANDARD = gnu11;
				GCC_NO_COMMON_BLOCKS = YES;
				GCC_WARN_64_TO_32_BIT_CONVERSION = YES;
				GCC_WARN_ABOUT_RETURN_TYPE = YES_ERROR;
				GCC_WARN_UNDECLARED_SELECTOR = YES;
				GCC_WARN_UNINITIALIZED_AUTOS = YES_AGGRESSIVE;
				GCC_WARN_UNUSED_FUNCTION = YES;
				GCC_WARN_UNUSED_VARIABLE = YES;
				IPHONEOS_DEPLOYMENT_TARGET = 14.4;
				MTL_ENABLE_DEBUG_INFO = NO;
				MTL_FAST_MATH = YES;
				SDKROOT = iphoneos;
				SWIFT_COMPILATION_MODE = wholemodule;
				SWIFT_OPTIMIZATION_LEVEL = "-O";
				VALIDATE_PRODUCT = YES;
			};
			name = Release;
		};
		8482667D2623E89E003BEB8C /* Debug */ = {
			isa = XCBuildConfiguration;
			buildSettings = {
				ASSETCATALOG_COMPILER_APPICON_NAME = AppIcon;
				ASSETCATALOG_COMPILER_GLOBAL_ACCENT_COLOR_NAME = AccentColor;
				CODE_SIGN_STYLE = Automatic;
				DEVELOPMENT_TEAM = L7FP62JQUP;
				INFOPLIST_FILE = "W5-Project1-Gumi/Info.plist";
				LD_RUNPATH_SEARCH_PATHS = (
					"$(inherited)",
					"@executable_path/Frameworks",
				);
				PRODUCT_BUNDLE_IDENTIFIER = "thanhnguyen.W5-Project1-Gumi";
				PRODUCT_NAME = "$(TARGET_NAME)";
				SWIFT_VERSION = 5.0;
				TARGETED_DEVICE_FAMILY = "1,2";
			};
			name = Debug;
		};
		8482667E2623E89E003BEB8C /* Release */ = {
			isa = XCBuildConfiguration;
			buildSettings = {
				ASSETCATALOG_COMPILER_APPICON_NAME = AppIcon;
				ASSETCATALOG_COMPILER_GLOBAL_ACCENT_COLOR_NAME = AccentColor;
				CODE_SIGN_STYLE = Automatic;
				DEVELOPMENT_TEAM = L7FP62JQUP;
				INFOPLIST_FILE = "W5-Project1-Gumi/Info.plist";
				LD_RUNPATH_SEARCH_PATHS = (
					"$(inherited)",
					"@executable_path/Frameworks",
				);
				PRODUCT_BUNDLE_IDENTIFIER = "thanhnguyen.W5-Project1-Gumi";
				PRODUCT_NAME = "$(TARGET_NAME)";
				SWIFT_VERSION = 5.0;
				TARGETED_DEVICE_FAMILY = "1,2";
			};
			name = Release;
		};
/* End XCBuildConfiguration section */

/* Begin XCConfigurationList section */
		848266632623E89B003BEB8C /* Build configuration list for PBXProject "W5-Project1-Gumi" */ = {
			isa = XCConfigurationList;
			buildConfigurations = (
				8482667A2623E89E003BEB8C /* Debug */,
				8482667B2623E89E003BEB8C /* Release */,
			);
			defaultConfigurationIsVisible = 0;
			defaultConfigurationName = Release;
		};
		8482667C2623E89E003BEB8C /* Build configuration list for PBXNativeTarget "W5-Project1-Gumi" */ = {
			isa = XCConfigurationList;
			buildConfigurations = (
				8482667D2623E89E003BEB8C /* Debug */,
				8482667E2623E89E003BEB8C /* Release */,
			);
			defaultConfigurationIsVisible = 0;
			defaultConfigurationName = Release;
		};
/* End XCConfigurationList section */
	};
	rootObject = 848266602623E89B003BEB8C /* Project object */;
}
